
Microsoft Visual Studio Solution File, Format Version 12.00
# Visual Studio Version 16
VisualStudioVersion = 16.0.29201.188
MinimumVisualStudioVersion = 10.0.40219.1
Project("{FAE04EC0-301F-11D3-BF4B-00C04F79EFBC}") = "20211005", "20211005\20211005.csproj", "{BC64C656-3BF4-4D18-A355-BCF7709BCDA1}"
EndProject
Global
	GlobalSection(SolutionConfigurationPlatforms) = preSolution
		Debug|Any CPU = Debug|Any CPU
		Release|Any CPU = Release|Any CPU
	EndGlobalSection
	GlobalSection(ProjectConfigurationPlatforms) = postSolution
		{BC64C656-3BF4-4D18-A355-BCF7709BCDA1}.Debug|Any CPU.ActiveCfg = Debug|Any CPU
		{BC64C656-3BF4-4D18-A355-BCF7709BCDA1}.Debug|Any CPU.Build.0 = Debug|Any CPU
		{BC64C656-3BF4-4D18-A355-BCF7709BCDA1}.Release|Any CPU.ActiveCfg = Release|Any CPU
		{BC64C656-3BF4-4D18-A355-BCF7709BCDA1}.Release|Any CPU.Build.0 = Release|Any CPU
	EndGlobalSection
	GlobalSection(SolutionProperties) = preSolution
		HideSolutionNode = FALSE
	EndGlobalSection
	GlobalSection(ExtensibilityGlobals) = postSolution
		SolutionGuid = {5B2F0878-199A-496F-B68B-527DA8F66E8D}
	EndGlobalSection
EndGlobal
