
Microsoft Visual Studio Solution File, Format Version 12.00
# Visual Studio Version 16
VisualStudioVersion = 16.0.29201.188
MinimumVisualStudioVersion = 10.0.40219.1
Project("{FAE04EC0-301F-11D3-BF4B-00C04F79EFBC}") = "20210827", "20210827\20210827.csproj", "{E2213F44-45A1-4F8C-A7CD-01CF430C08DA}"
EndProject
Global
	GlobalSection(SolutionConfigurationPlatforms) = preSolution
		Debug|Any CPU = Debug|Any CPU
		Release|Any CPU = Release|Any CPU
	EndGlobalSection
	GlobalSection(ProjectConfigurationPlatforms) = postSolution
		{E2213F44-45A1-4F8C-A7CD-01CF430C08DA}.Debug|Any CPU.ActiveCfg = Debug|Any CPU
		{E2213F44-45A1-4F8C-A7CD-01CF430C08DA}.Debug|Any CPU.Build.0 = Debug|Any CPU
		{E2213F44-45A1-4F8C-A7CD-01CF430C08DA}.Release|Any CPU.ActiveCfg = Release|Any CPU
		{E2213F44-45A1-4F8C-A7CD-01CF430C08DA}.Release|Any CPU.Build.0 = Release|Any CPU
	EndGlobalSection
	GlobalSection(SolutionProperties) = preSolution
		HideSolutionNode = FALSE
	EndGlobalSection
	GlobalSection(ExtensibilityGlobals) = postSolution
		SolutionGuid = {C107C867-774B-44B0-8249-229D8A1DC151}
	EndGlobalSection
EndGlobal
