
Microsoft Visual Studio Solution File, Format Version 12.00
# Visual Studio Version 16
VisualStudioVersion = 16.0.29201.188
MinimumVisualStudioVersion = 10.0.40219.1
Project("{FAE04EC0-301F-11D3-BF4B-00C04F79EFBC}") = "2021.09.20", "2021.09.20\2021.09.20.csproj", "{169339F9-3E91-4F37-A92E-DD8C0EDD8924}"
EndProject
Global
	GlobalSection(SolutionConfigurationPlatforms) = preSolution
		Debug|Any CPU = Debug|Any CPU
		Release|Any CPU = Release|Any CPU
	EndGlobalSection
	GlobalSection(ProjectConfigurationPlatforms) = postSolution
		{169339F9-3E91-4F37-A92E-DD8C0EDD8924}.Debug|Any CPU.ActiveCfg = Debug|Any CPU
		{169339F9-3E91-4F37-A92E-DD8C0EDD8924}.Debug|Any CPU.Build.0 = Debug|Any CPU
		{169339F9-3E91-4F37-A92E-DD8C0EDD8924}.Release|Any CPU.ActiveCfg = Release|Any CPU
		{169339F9-3E91-4F37-A92E-DD8C0EDD8924}.Release|Any CPU.Build.0 = Release|Any CPU
	EndGlobalSection
	GlobalSection(SolutionProperties) = preSolution
		HideSolutionNode = FALSE
	EndGlobalSection
	GlobalSection(ExtensibilityGlobals) = postSolution
		SolutionGuid = {07BD4B6A-3152-4F45-AD44-8A85D5AE7E5C}
	EndGlobalSection
EndGlobal
