
Microsoft Visual Studio Solution File, Format Version 12.00
# Visual Studio Version 16
VisualStudioVersion = 16.0.29201.188
MinimumVisualStudioVersion = 10.0.40219.1
Project("{FAE04EC0-301F-11D3-BF4B-00C04F79EFBC}") = "hotellift_20211125", "hotellift_20211125\hotellift_20211125.csproj", "{D04182BC-411B-46C0-BA81-10A7F2277A73}"
EndProject
Global
	GlobalSection(SolutionConfigurationPlatforms) = preSolution
		Debug|Any CPU = Debug|Any CPU
		Release|Any CPU = Release|Any CPU
	EndGlobalSection
	GlobalSection(ProjectConfigurationPlatforms) = postSolution
		{D04182BC-411B-46C0-BA81-10A7F2277A73}.Debug|Any CPU.ActiveCfg = Debug|Any CPU
		{D04182BC-411B-46C0-BA81-10A7F2277A73}.Debug|Any CPU.Build.0 = Debug|Any CPU
		{D04182BC-411B-46C0-BA81-10A7F2277A73}.Release|Any CPU.ActiveCfg = Release|Any CPU
		{D04182BC-411B-46C0-BA81-10A7F2277A73}.Release|Any CPU.Build.0 = Release|Any CPU
	EndGlobalSection
	GlobalSection(SolutionProperties) = preSolution
		HideSolutionNode = FALSE
	EndGlobalSection
	GlobalSection(ExtensibilityGlobals) = postSolution
		SolutionGuid = {F3289C6B-03BA-4166-9755-FB9186566D13}
	EndGlobalSection
EndGlobal
